<Solution>
  <Folder Name="/services/" />
  <Folder Name="/services/basket/">
    <Project Path="services/basket/Basket.API/Basket.API.csproj" Id="545c3b17-b3a2-461f-9319-0fae2d3bff9f" />
    <Project Path="services/basket/Basket.Application/Basket.Application.csproj" Id="535d7272-b2d1-4a29-aae6-d7427b9e89ad" />
    <Project Path="services/basket/Basket.Domain/Basket.Domain.csproj" Id="625e10b3-9c57-4c9f-aac7-636efa491f3e" />
    <Project Path="services/basket/Basket.Infrastructure/Basket.Infrastructure.csproj" Id="70285c1f-ea68-491f-b6a0-d4dbdb4bbd0f" />
  </Folder>
  <Folder Name="/services/catalog/">
    <Project Path="services/catalog/Catalog.API/Catalog.API.csproj" />
    <Project Path="services/catalog/Catalog.Application/Catalog.Application.csproj" Id="120dbda4-6d9e-4d3f-8d49-5e9c965ea193" />
    <Project Path="services/catalog/Catalog.Core/Catalog.Core.csproj" Id="7a3b4e37-426d-49c2-a937-d2f9baa16d71" />
    <Project Path="services/catalog/Catalog.Infrastructure/Catalog.Infrastructure.csproj" Id="95566059-9e8b-4834-9491-26864cb2d2c8" />
  </Folder>
  <Project Path="docker-compose.dcproj">
    <Build />
  </Project>
</Solution>
